
Microsoft Visual Studio Solution File, Format Version 12.00
Project("{FAE04EC0-301F-11D3-BF4B-00C04F79EFBC}") = "ChatServer", "ChatServer\ChatServer.csproj", "{B77835F2-B448-4CE8-BA90-A78B6F0BBB46}"
EndProject
Global
	GlobalSection(SolutionConfigurationPlatforms) = preSolution
		Debug|Any CPU = Debug|Any CPU
		Release|Any CPU = Release|Any CPU
	EndGlobalSection
	GlobalSection(ProjectConfigurationPlatforms) = postSolution
		{B77835F2-B448-4CE8-BA90-A78B6F0BBB46}.Debug|Any CPU.ActiveCfg = Debug|Any CPU
		{B77835F2-B448-4CE8-BA90-A78B6F0BBB46}.Debug|Any CPU.Build.0 = Debug|Any CPU
		{B77835F2-B448-4CE8-BA90-A78B6F0BBB46}.Release|Any CPU.ActiveCfg = Release|Any CPU
		{B77835F2-B448-4CE8-BA90-A78B6F0BBB46}.Release|Any CPU.Build.0 = Release|Any CPU
	EndGlobalSection
EndGlobal
